
Microsoft Visual Studio Solution File, Format Version 12.00
# Visual Studio Version 16
VisualStudioVersion = 16.0.31112.23
MinimumVisualStudioVersion = 10.0.40219.1
Project("{9A19103F-16F7-4668-BE54-9A1E7A4F7556}") = "MachineLearningTest", "MachineLearningTest\MachineLearningTest.csproj", "{B5439B48-C19E-4BD7-AD09-8138BFDB2854}"
EndProject
Project("{9A19103F-16F7-4668-BE54-9A1E7A4F7556}") = "MachineLearningTestML.Model", "MachineLearningTestML.Model\MachineLearningTestML.Model.csproj", "{7D64E546-1279-43EF-81E0-9F4DE98EF12C}"
EndProject
Project("{9A19103F-16F7-4668-BE54-9A1E7A4F7556}") = "MachineLearningTestML.ConsoleApp", "MachineLearningTestML.ConsoleApp\MachineLearningTestML.ConsoleApp.csproj", "{364F72FE-F35F-4320-872A-13FC802FE494}"
EndProject
Global
	GlobalSection(SolutionConfigurationPlatforms) = preSolution
		Debug|Any CPU = Debug|Any CPU
		Release|Any CPU = Release|Any CPU
	EndGlobalSection
	GlobalSection(ProjectConfigurationPlatforms) = postSolution
		{B5439B48-C19E-4BD7-AD09-8138BFDB2854}.Debug|Any CPU.ActiveCfg = Debug|Any CPU
		{B5439B48-C19E-4BD7-AD09-8138BFDB2854}.Debug|Any CPU.Build.0 = Debug|Any CPU
		{B5439B48-C19E-4BD7-AD09-8138BFDB2854}.Release|Any CPU.ActiveCfg = Release|Any CPU
		{B5439B48-C19E-4BD7-AD09-8138BFDB2854}.Release|Any CPU.Build.0 = Release|Any CPU
		{7D64E546-1279-43EF-81E0-9F4DE98EF12C}.Debug|Any CPU.ActiveCfg = Debug|Any CPU
		{7D64E546-1279-43EF-81E0-9F4DE98EF12C}.Debug|Any CPU.Build.0 = Debug|Any CPU
		{7D64E546-1279-43EF-81E0-9F4DE98EF12C}.Release|Any CPU.ActiveCfg = Release|Any CPU
		{7D64E546-1279-43EF-81E0-9F4DE98EF12C}.Release|Any CPU.Build.0 = Release|Any CPU
		{364F72FE-F35F-4320-872A-13FC802FE494}.Debug|Any CPU.ActiveCfg = Debug|Any CPU
		{364F72FE-F35F-4320-872A-13FC802FE494}.Debug|Any CPU.Build.0 = Debug|Any CPU
		{364F72FE-F35F-4320-872A-13FC802FE494}.Release|Any CPU.ActiveCfg = Release|Any CPU
		{364F72FE-F35F-4320-872A-13FC802FE494}.Release|Any CPU.Build.0 = Release|Any CPU
	EndGlobalSection
	GlobalSection(SolutionProperties) = preSolution
		HideSolutionNode = FALSE
	EndGlobalSection
	GlobalSection(ExtensibilityGlobals) = postSolution
		SolutionGuid = {6DD4E5FA-ADE7-41BB-9DF8-1FD71DF17F1D}
	EndGlobalSection
EndGlobal
